
Microsoft Visual Studio Solution File, Format Version 12.00
Project("{FAE04EC0-301F-11D3-BF4B-00C04F79EFBC}") = "ConsoleYahtzee", "ConsoleYahtzee\ConsoleYahtzee.csproj", "{E1CDFD1F-A2CA-43E1-A568-6B36BEF7EB17}"
EndProject
Project("{FAE04EC0-301F-11D3-BF4B-00C04F79EFBC}") = "ConsoleYahtzeeTests", "ConsoleYahtzeeTests\ConsoleYahtzeeTests.csproj", "{8E7E32CB-97ED-4A17-BA82-3C75577DBE75}"
EndProject
Global
	GlobalSection(SolutionConfigurationPlatforms) = preSolution
		Debug|Any CPU = Debug|Any CPU
		Release|Any CPU = Release|Any CPU
	EndGlobalSection
	GlobalSection(ProjectConfigurationPlatforms) = postSolution
		{E1CDFD1F-A2CA-43E1-A568-6B36BEF7EB17}.Debug|Any CPU.ActiveCfg = Debug|Any CPU
		{E1CDFD1F-A2CA-43E1-A568-6B36BEF7EB17}.Debug|Any CPU.Build.0 = Debug|Any CPU
		{E1CDFD1F-A2CA-43E1-A568-6B36BEF7EB17}.Release|Any CPU.ActiveCfg = Release|Any CPU
		{E1CDFD1F-A2CA-43E1-A568-6B36BEF7EB17}.Release|Any CPU.Build.0 = Release|Any CPU
		{8E7E32CB-97ED-4A17-BA82-3C75577DBE75}.Debug|Any CPU.ActiveCfg = Debug|Any CPU
		{8E7E32CB-97ED-4A17-BA82-3C75577DBE75}.Debug|Any CPU.Build.0 = Debug|Any CPU
		{8E7E32CB-97ED-4A17-BA82-3C75577DBE75}.Release|Any CPU.ActiveCfg = Release|Any CPU
		{8E7E32CB-97ED-4A17-BA82-3C75577DBE75}.Release|Any CPU.Build.0 = Release|Any CPU
	EndGlobalSection
EndGlobal
